
Microsoft Visual Studio Solution File, Format Version 12.00
# Visual Studio Version 17
VisualStudioVersion = 17.8.34511.84
MinimumVisualStudioVersion = 10.0.40219.1
Project("{9A19103F-16F7-4668-BE54-9A1E7A4F7556}") = "TruckSimTracker.Data", "TruckSimTracker.Data\TruckSimTracker.Data.csproj", "{C66DBC54-663B-4C16-8A74-588849D197B4}"
EndProject
Project("{9A19103F-16F7-4668-BE54-9A1E7A4F7556}") = "TruckSimTracker.Services", "TruckSimTracker.Services\TruckSimTracker.Services.csproj", "{FFA1B950-0D9F-4A78-B26D-4A4DBA1C20F6}"
EndProject
Project("{9A19103F-16F7-4668-BE54-9A1E7A4F7556}") = "TruckSimTracker.Api", "TruckSimTracker.Api\TruckSimTracker.Api.csproj", "{94F48BEE-3FF5-491B-B7BA-F18517F6D4C9}"
EndProject
Global
	GlobalSection(SolutionConfigurationPlatforms) = preSolution
		Debug|Any CPU = Debug|Any CPU
		Release|Any CPU = Release|Any CPU
	EndGlobalSection
	GlobalSection(ProjectConfigurationPlatforms) = postSolution
		{C66DBC54-663B-4C16-8A74-588849D197B4}.Debug|Any CPU.ActiveCfg = Debug|Any CPU
		{C66DBC54-663B-4C16-8A74-588849D197B4}.Debug|Any CPU.Build.0 = Debug|Any CPU
		{C66DBC54-663B-4C16-8A74-588849D197B4}.Release|Any CPU.ActiveCfg = Release|Any CPU
		{C66DBC54-663B-4C16-8A74-588849D197B4}.Release|Any CPU.Build.0 = Release|Any CPU
		{FFA1B950-0D9F-4A78-B26D-4A4DBA1C20F6}.Debug|Any CPU.ActiveCfg = Debug|Any CPU
		{FFA1B950-0D9F-4A78-B26D-4A4DBA1C20F6}.Debug|Any CPU.Build.0 = Debug|Any CPU
		{FFA1B950-0D9F-4A78-B26D-4A4DBA1C20F6}.Release|Any CPU.ActiveCfg = Release|Any CPU
		{FFA1B950-0D9F-4A78-B26D-4A4DBA1C20F6}.Release|Any CPU.Build.0 = Release|Any CPU
		{94F48BEE-3FF5-491B-B7BA-F18517F6D4C9}.Debug|Any CPU.ActiveCfg = Debug|Any CPU
		{94F48BEE-3FF5-491B-B7BA-F18517F6D4C9}.Debug|Any CPU.Build.0 = Debug|Any CPU
		{94F48BEE-3FF5-491B-B7BA-F18517F6D4C9}.Release|Any CPU.ActiveCfg = Release|Any CPU
		{94F48BEE-3FF5-491B-B7BA-F18517F6D4C9}.Release|Any CPU.Build.0 = Release|Any CPU
	EndGlobalSection
	GlobalSection(SolutionProperties) = preSolution
		HideSolutionNode = FALSE
	EndGlobalSection
	GlobalSection(ExtensibilityGlobals) = postSolution
		SolutionGuid = {3240E498-68A5-4265-8E0B-EA43AC0B97BD}
	EndGlobalSection
EndGlobal
